
Microsoft Visual Studio Solution File, Format Version 12.00
# Visual Studio Version 17
VisualStudioVersion = 17.5.33627.172
MinimumVisualStudioVersion = 10.0.40219.1
Project("{9A19103F-16F7-4668-BE54-9A1E7A4F7556}") = "IronHelm", "IronHelm\IronHelm.csproj", "{6B6909CB-C166-477E-A341-15FA5ED47684}"
EndProject
Project("{FAE04EC0-301F-11D3-BF4B-00C04F79EFBC}") = "IronHelmTests", "IronHelmTests\IronHelmTests.csproj", "{5F549579-E001-44B2-B000-8ECED9228A02}"
EndProject
Global
	GlobalSection(SolutionConfigurationPlatforms) = preSolution
		Debug|Any CPU = Debug|Any CPU
		Release|Any CPU = Release|Any CPU
	EndGlobalSection
	GlobalSection(ProjectConfigurationPlatforms) = postSolution
		{6B6909CB-C166-477E-A341-15FA5ED47684}.Debug|Any CPU.ActiveCfg = Debug|Any CPU
		{6B6909CB-C166-477E-A341-15FA5ED47684}.Debug|Any CPU.Build.0 = Debug|Any CPU
		{6B6909CB-C166-477E-A341-15FA5ED47684}.Release|Any CPU.ActiveCfg = Release|Any CPU
		{6B6909CB-C166-477E-A341-15FA5ED47684}.Release|Any CPU.Build.0 = Release|Any CPU
		{5F549579-E001-44B2-B000-8ECED9228A02}.Debug|Any CPU.ActiveCfg = Debug|Any CPU
		{5F549579-E001-44B2-B000-8ECED9228A02}.Debug|Any CPU.Build.0 = Debug|Any CPU
		{5F549579-E001-44B2-B000-8ECED9228A02}.Release|Any CPU.ActiveCfg = Release|Any CPU
		{5F549579-E001-44B2-B000-8ECED9228A02}.Release|Any CPU.Build.0 = Release|Any CPU
	EndGlobalSection
	GlobalSection(SolutionProperties) = preSolution
		HideSolutionNode = FALSE
	EndGlobalSection
	GlobalSection(ExtensibilityGlobals) = postSolution
		SolutionGuid = {5577C0E1-1D00-4F6A-969C-870471DCCC18}
	EndGlobalSection
EndGlobal
